
Microsoft Visual Studio Solution File, Format Version 12.00
# Visual Studio Version 17
VisualStudioVersion = 17.5.002.0
MinimumVisualStudioVersion = 10.0.40219.1
Project("{9A19103F-16F7-4668-BE54-9A1E7A4F7556}") = "Gateway", "Gateway\Gateway.csproj", "{4AC022FA-A795-45DD-8848-456DCD61CF82}"
EndProject
Project("{2150E333-8FDC-42A3-9474-1A3956D46DE8}") = "Subgraphs", "Subgraphs", "{75125081-73C1-4812-A815-FAC13190E399}"
EndProject
Project("{2150E333-8FDC-42A3-9474-1A3956D46DE8}") = "Accounts", "Accounts", "{3096D94B-42BA-4C2C-B029-4A665D573CE4}"
EndProject
Project("{9A19103F-16F7-4668-BE54-9A1E7A4F7556}") = "Accounts", "Subgraphs\Accounts\src\Accounts.csproj", "{F32660DA-2178-4A15-B44F-9CA54EA75EB7}"
EndProject
Project("{2150E333-8FDC-42A3-9474-1A3956D46DE8}") = "Reviews", "Reviews", "{0496EAD4-BF2F-42A6-869B-ABA17FDC8D94}"
EndProject
Project("{9A19103F-16F7-4668-BE54-9A1E7A4F7556}") = "Reviews", "Subgraphs\Reviews\src\Reviews.csproj", "{14A517F0-AF09-4A83-A08A-B5B8162C81D3}"
EndProject
Global
	GlobalSection(SolutionConfigurationPlatforms) = preSolution
		Debug|Any CPU = Debug|Any CPU
		Release|Any CPU = Release|Any CPU
	EndGlobalSection
	GlobalSection(ProjectConfigurationPlatforms) = postSolution
		{4AC022FA-A795-45DD-8848-456DCD61CF82}.Debug|Any CPU.ActiveCfg = Debug|Any CPU
		{4AC022FA-A795-45DD-8848-456DCD61CF82}.Debug|Any CPU.Build.0 = Debug|Any CPU
		{4AC022FA-A795-45DD-8848-456DCD61CF82}.Release|Any CPU.ActiveCfg = Release|Any CPU
		{4AC022FA-A795-45DD-8848-456DCD61CF82}.Release|Any CPU.Build.0 = Release|Any CPU
		{F32660DA-2178-4A15-B44F-9CA54EA75EB7}.Debug|Any CPU.ActiveCfg = Debug|Any CPU
		{F32660DA-2178-4A15-B44F-9CA54EA75EB7}.Debug|Any CPU.Build.0 = Debug|Any CPU
		{F32660DA-2178-4A15-B44F-9CA54EA75EB7}.Release|Any CPU.ActiveCfg = Release|Any CPU
		{F32660DA-2178-4A15-B44F-9CA54EA75EB7}.Release|Any CPU.Build.0 = Release|Any CPU
		{14A517F0-AF09-4A83-A08A-B5B8162C81D3}.Debug|Any CPU.ActiveCfg = Debug|Any CPU
		{14A517F0-AF09-4A83-A08A-B5B8162C81D3}.Debug|Any CPU.Build.0 = Debug|Any CPU
		{14A517F0-AF09-4A83-A08A-B5B8162C81D3}.Release|Any CPU.ActiveCfg = Release|Any CPU
		{14A517F0-AF09-4A83-A08A-B5B8162C81D3}.Release|Any CPU.Build.0 = Release|Any CPU
	EndGlobalSection
	GlobalSection(SolutionProperties) = preSolution
		HideSolutionNode = FALSE
	EndGlobalSection
	GlobalSection(NestedProjects) = preSolution
		{3096D94B-42BA-4C2C-B029-4A665D573CE4} = {75125081-73C1-4812-A815-FAC13190E399}
		{F32660DA-2178-4A15-B44F-9CA54EA75EB7} = {3096D94B-42BA-4C2C-B029-4A665D573CE4}
		{0496EAD4-BF2F-42A6-869B-ABA17FDC8D94} = {75125081-73C1-4812-A815-FAC13190E399}
		{14A517F0-AF09-4A83-A08A-B5B8162C81D3} = {0496EAD4-BF2F-42A6-869B-ABA17FDC8D94}
	EndGlobalSection
	GlobalSection(ExtensibilityGlobals) = postSolution
		SolutionGuid = {6D952547-F6F8-4644-B1D5-6103283E6CE6}
	EndGlobalSection
EndGlobal
